
Microsoft Visual Studio Solution File, Format Version 12.00
# Visual Studio 14
VisualStudioVersion = 14.0.25420.1
MinimumVisualStudioVersion = 10.0.40219.1
Project("{FAE04EC0-301F-11D3-BF4B-00C04F79EFBC}") = "SMS", "SMS\SMS.csproj", "{8EC58894-BD48-4349-893D-F1F9936847F9}"
EndProject
Project("{6141683F-8A12-4E36-9623-2EB02B2C2303}") = "SMS Setup", "..\SMS Setup\SMS Setup.isproj", "{3C25EA7F-0205-4011-8358-F27D13DB9BB8}"
EndProject
Global
	GlobalSection(SolutionConfigurationPlatforms) = preSolution
		CD_ROM|Any CPU = CD_ROM|Any CPU
		Debug|Any CPU = Debug|Any CPU
		DVD-5|Any CPU = DVD-5|Any CPU
		Release|Any CPU = Release|Any CPU
		SingleImage|Any CPU = SingleImage|Any CPU
	EndGlobalSection
	GlobalSection(ProjectConfigurationPlatforms) = postSolution
		{8EC58894-BD48-4349-893D-F1F9936847F9}.CD_ROM|Any CPU.ActiveCfg = Release|Any CPU
		{8EC58894-BD48-4349-893D-F1F9936847F9}.CD_ROM|Any CPU.Build.0 = Release|Any CPU
		{8EC58894-BD48-4349-893D-F1F9936847F9}.Debug|Any CPU.ActiveCfg = Debug|Any CPU
		{8EC58894-BD48-4349-893D-F1F9936847F9}.Debug|Any CPU.Build.0 = Debug|Any CPU
		{8EC58894-BD48-4349-893D-F1F9936847F9}.DVD-5|Any CPU.ActiveCfg = Debug|Any CPU
		{8EC58894-BD48-4349-893D-F1F9936847F9}.DVD-5|Any CPU.Build.0 = Debug|Any CPU
		{8EC58894-BD48-4349-893D-F1F9936847F9}.Release|Any CPU.ActiveCfg = Release|Any CPU
		{8EC58894-BD48-4349-893D-F1F9936847F9}.Release|Any CPU.Build.0 = Release|Any CPU
		{8EC58894-BD48-4349-893D-F1F9936847F9}.SingleImage|Any CPU.ActiveCfg = Release|Any CPU
		{8EC58894-BD48-4349-893D-F1F9936847F9}.SingleImage|Any CPU.Build.0 = Release|Any CPU
		{3C25EA7F-0205-4011-8358-F27D13DB9BB8}.CD_ROM|Any CPU.ActiveCfg = CD_ROM
		{3C25EA7F-0205-4011-8358-F27D13DB9BB8}.CD_ROM|Any CPU.Build.0 = CD_ROM
		{3C25EA7F-0205-4011-8358-F27D13DB9BB8}.Debug|Any CPU.ActiveCfg = DVD-5
		{3C25EA7F-0205-4011-8358-F27D13DB9BB8}.Debug|Any CPU.Build.0 = DVD-5
		{3C25EA7F-0205-4011-8358-F27D13DB9BB8}.DVD-5|Any CPU.ActiveCfg = DVD-5
		{3C25EA7F-0205-4011-8358-F27D13DB9BB8}.DVD-5|Any CPU.Build.0 = DVD-5
		{3C25EA7F-0205-4011-8358-F27D13DB9BB8}.Release|Any CPU.ActiveCfg = SingleImage
		{3C25EA7F-0205-4011-8358-F27D13DB9BB8}.Release|Any CPU.Build.0 = SingleImage
		{3C25EA7F-0205-4011-8358-F27D13DB9BB8}.SingleImage|Any CPU.ActiveCfg = SingleImage
		{3C25EA7F-0205-4011-8358-F27D13DB9BB8}.SingleImage|Any CPU.Build.0 = SingleImage
	EndGlobalSection
	GlobalSection(SolutionProperties) = preSolution
		HideSolutionNode = FALSE
	EndGlobalSection
EndGlobal
